
Microsoft Visual Studio Solution File, Format Version 12.00
# Visual Studio Version 17
VisualStudioVersion = 17.13.35913.81 d17.13
MinimumVisualStudioVersion = 10.0.40219.1
Project("{FAE04EC0-301F-11D3-BF4B-00C04F79EFBC}") = "projetoapp1914", "projetoapp1914\projetoapp1914.csproj", "{C2FBAB22-19CF-4265-A083-B0998C0D58AF}"
EndProject
Global
	GlobalSection(SolutionConfigurationPlatforms) = preSolution
		Debug|Any CPU = Debug|Any CPU
		Release|Any CPU = Release|Any CPU
	EndGlobalSection
	GlobalSection(ProjectConfigurationPlatforms) = postSolution
		{C2FBAB22-19CF-4265-A083-B0998C0D58AF}.Debug|Any CPU.ActiveCfg = Debug|Any CPU
		{C2FBAB22-19CF-4265-A083-B0998C0D58AF}.Debug|Any CPU.Build.0 = Debug|Any CPU
		{C2FBAB22-19CF-4265-A083-B0998C0D58AF}.Debug|Any CPU.Deploy.0 = Debug|Any CPU
		{C2FBAB22-19CF-4265-A083-B0998C0D58AF}.Release|Any CPU.ActiveCfg = Release|Any CPU
		{C2FBAB22-19CF-4265-A083-B0998C0D58AF}.Release|Any CPU.Build.0 = Release|Any CPU
		{C2FBAB22-19CF-4265-A083-B0998C0D58AF}.Release|Any CPU.Deploy.0 = Release|Any CPU
	EndGlobalSection
	GlobalSection(SolutionProperties) = preSolution
		HideSolutionNode = FALSE
	EndGlobalSection
	GlobalSection(ExtensibilityGlobals) = postSolution
		SolutionGuid = {30A73396-01EB-4C8F-82A8-9195F03A39C9}
	EndGlobalSection
EndGlobal
